
Microsoft Visual Studio Solution File, Format Version 12.00
# Visual Studio Version 17
VisualStudioVersion = 17.9.34622.214
MinimumVisualStudioVersion = 10.0.40219.1
Project("{FAE04EC0-301F-11D3-BF4B-00C04F79EFBC}") = "LikeMovie.Web", "LikeMovie.Web\LikeMovie.Web.csproj", "{6D66BBD8-83FD-4AD5-AC4B-16EBB6891138}"
EndProject
Project("{FAE04EC0-301F-11D3-BF4B-00C04F79EFBC}") = "LikeMovie.business", "LikeMovie.business\LikeMovie.business.csproj", "{88A981A7-C7AB-4BBD-B967-66DDEC75AFBC}"
EndProject
Project("{FAE04EC0-301F-11D3-BF4B-00C04F79EFBC}") = "LikeMovie.DataAccess", "LikeMovie.DataAccess\LikeMovie.DataAccess.csproj", "{3BA0D8D2-C104-4BBE-B04D-C9CE7F0EB982}"
EndProject
Project("{FAE04EC0-301F-11D3-BF4B-00C04F79EFBC}") = "LikeMovie.Model", "LikeMovie.Model\LikeMovie.Model.csproj", "{B40CB558-C2D2-4FDF-B7A6-59F8427260DD}"
EndProject
Project("{FAE04EC0-301F-11D3-BF4B-00C04F79EFBC}") = "LikeMovie.Utilities", "LikeMovie.Utilities\LikeMovie.Utilities.csproj", "{5BB3DFB8-8F86-4D70-A1E7-C86461E2C191}"
EndProject
Global
	GlobalSection(SolutionConfigurationPlatforms) = preSolution
		Debug|Any CPU = Debug|Any CPU
		Release|Any CPU = Release|Any CPU
	EndGlobalSection
	GlobalSection(ProjectConfigurationPlatforms) = postSolution
		{6D66BBD8-83FD-4AD5-AC4B-16EBB6891138}.Debug|Any CPU.ActiveCfg = Debug|Any CPU
		{6D66BBD8-83FD-4AD5-AC4B-16EBB6891138}.Debug|Any CPU.Build.0 = Debug|Any CPU
		{6D66BBD8-83FD-4AD5-AC4B-16EBB6891138}.Release|Any CPU.ActiveCfg = Release|Any CPU
		{6D66BBD8-83FD-4AD5-AC4B-16EBB6891138}.Release|Any CPU.Build.0 = Release|Any CPU
		{88A981A7-C7AB-4BBD-B967-66DDEC75AFBC}.Debug|Any CPU.ActiveCfg = Debug|Any CPU
		{88A981A7-C7AB-4BBD-B967-66DDEC75AFBC}.Debug|Any CPU.Build.0 = Debug|Any CPU
		{88A981A7-C7AB-4BBD-B967-66DDEC75AFBC}.Release|Any CPU.ActiveCfg = Release|Any CPU
		{88A981A7-C7AB-4BBD-B967-66DDEC75AFBC}.Release|Any CPU.Build.0 = Release|Any CPU
		{3BA0D8D2-C104-4BBE-B04D-C9CE7F0EB982}.Debug|Any CPU.ActiveCfg = Debug|Any CPU
		{3BA0D8D2-C104-4BBE-B04D-C9CE7F0EB982}.Debug|Any CPU.Build.0 = Debug|Any CPU
		{3BA0D8D2-C104-4BBE-B04D-C9CE7F0EB982}.Release|Any CPU.ActiveCfg = Release|Any CPU
		{3BA0D8D2-C104-4BBE-B04D-C9CE7F0EB982}.Release|Any CPU.Build.0 = Release|Any CPU
		{B40CB558-C2D2-4FDF-B7A6-59F8427260DD}.Debug|Any CPU.ActiveCfg = Debug|Any CPU
		{B40CB558-C2D2-4FDF-B7A6-59F8427260DD}.Debug|Any CPU.Build.0 = Debug|Any CPU
		{B40CB558-C2D2-4FDF-B7A6-59F8427260DD}.Release|Any CPU.ActiveCfg = Release|Any CPU
		{B40CB558-C2D2-4FDF-B7A6-59F8427260DD}.Release|Any CPU.Build.0 = Release|Any CPU
		{5BB3DFB8-8F86-4D70-A1E7-C86461E2C191}.Debug|Any CPU.ActiveCfg = Debug|Any CPU
		{5BB3DFB8-8F86-4D70-A1E7-C86461E2C191}.Debug|Any CPU.Build.0 = Debug|Any CPU
		{5BB3DFB8-8F86-4D70-A1E7-C86461E2C191}.Release|Any CPU.ActiveCfg = Release|Any CPU
		{5BB3DFB8-8F86-4D70-A1E7-C86461E2C191}.Release|Any CPU.Build.0 = Release|Any CPU
	EndGlobalSection
	GlobalSection(SolutionProperties) = preSolution
		HideSolutionNode = FALSE
	EndGlobalSection
	GlobalSection(ExtensibilityGlobals) = postSolution
		SolutionGuid = {806CCFCB-EF8F-4912-ACA5-CE097E10A829}
	EndGlobalSection
EndGlobal
